# This file is automatically @generated by Cargo.
# It is not intended for manual editing.
version = 4

[[package]]
name = "application"
version = "0.1.0"
dependencies = [
 "domains",
 "infrastructure",
]

[[package]]
name = "domains"
version = "0.1.0"
dependencies = [
 "infrastructure",
]

[[package]]
name = "infrastructure"
version = "0.1.0"

[[package]]
name = "presentation"
version = "0.1.0"
dependencies = [
 "application",
 "domains",
 "infrastructure",
]
